
Microsoft Visual Studio Solution File, Format Version 12.00
# Visual Studio Version 17
VisualStudioVersion = 17.10.35027.167
MinimumVisualStudioVersion = 10.0.40219.1
Project("{FAE04EC0-301F-11D3-BF4B-00C04F79EFBC}") = "Objektinis Programavimas", "Objektinis Programavimas.csproj", "{AAB72B69-6335-472A-9AC1-813C77F5AF40}"
EndProject
Global
	GlobalSection(SolutionConfigurationPlatforms) = preSolution
		Debug|Any CPU = Debug|Any CPU
		Release|Any CPU = Release|Any CPU
	EndGlobalSection
	GlobalSection(ProjectConfigurationPlatforms) = postSolution
		{AAB72B69-6335-472A-9AC1-813C77F5AF40}.Debug|Any CPU.ActiveCfg = Debug|Any CPU
		{AAB72B69-6335-472A-9AC1-813C77F5AF40}.Debug|Any CPU.Build.0 = Debug|Any CPU
		{AAB72B69-6335-472A-9AC1-813C77F5AF40}.Release|Any CPU.ActiveCfg = Release|Any CPU
		{AAB72B69-6335-472A-9AC1-813C77F5AF40}.Release|Any CPU.Build.0 = Release|Any CPU
	EndGlobalSection
	GlobalSection(SolutionProperties) = preSolution
		HideSolutionNode = FALSE
	EndGlobalSection
	GlobalSection(ExtensibilityGlobals) = postSolution
		SolutionGuid = {EB03E2F3-B163-4D2B-B255-26C6E9A0F45D}
	EndGlobalSection
EndGlobal
